
Microsoft Visual Studio Solution File, Format Version 12.00
# Visual Studio 2012
Project("{FAE04EC0-301F-11D3-BF4B-00C04F79EFBC}") = "GameFramework", "GameFramework\GameFramework.csproj", "{ACD270F9-03CA-4509-9A29-5D70570786FF}"
EndProject
Project("{FAE04EC0-301F-11D3-BF4B-00C04F79EFBC}") = "CubeTest", "..\..\CubeTest\CubeTest\CubeTest.csproj", "{EF07918D-4EEB-41E2-BFAF-C28BFA1619DC}"
EndProject
Global
	GlobalSection(SolutionConfigurationPlatforms) = preSolution
		Debug|Any CPU = Debug|Any CPU
		Debug|Mixed Platforms = Debug|Mixed Platforms
		Debug|x86 = Debug|x86
		Release|Any CPU = Release|Any CPU
		Release|Mixed Platforms = Release|Mixed Platforms
		Release|x86 = Release|x86
	EndGlobalSection
	GlobalSection(ProjectConfigurationPlatforms) = postSolution
		{ACD270F9-03CA-4509-9A29-5D70570786FF}.Debug|Any CPU.ActiveCfg = Debug|Any CPU
		{ACD270F9-03CA-4509-9A29-5D70570786FF}.Debug|Any CPU.Build.0 = Debug|Any CPU
		{ACD270F9-03CA-4509-9A29-5D70570786FF}.Debug|Mixed Platforms.ActiveCfg = Debug|Any CPU
		{ACD270F9-03CA-4509-9A29-5D70570786FF}.Debug|Mixed Platforms.Build.0 = Debug|Any CPU
		{ACD270F9-03CA-4509-9A29-5D70570786FF}.Debug|x86.ActiveCfg = Debug|Any CPU
		{ACD270F9-03CA-4509-9A29-5D70570786FF}.Release|Any CPU.ActiveCfg = Release|Any CPU
		{ACD270F9-03CA-4509-9A29-5D70570786FF}.Release|Any CPU.Build.0 = Release|Any CPU
		{ACD270F9-03CA-4509-9A29-5D70570786FF}.Release|Mixed Platforms.ActiveCfg = Release|Any CPU
		{ACD270F9-03CA-4509-9A29-5D70570786FF}.Release|Mixed Platforms.Build.0 = Release|Any CPU
		{ACD270F9-03CA-4509-9A29-5D70570786FF}.Release|x86.ActiveCfg = Release|Any CPU
		{EF07918D-4EEB-41E2-BFAF-C28BFA1619DC}.Debug|Any CPU.ActiveCfg = Debug|x86
		{EF07918D-4EEB-41E2-BFAF-C28BFA1619DC}.Debug|Mixed Platforms.ActiveCfg = Debug|x86
		{EF07918D-4EEB-41E2-BFAF-C28BFA1619DC}.Debug|Mixed Platforms.Build.0 = Debug|x86
		{EF07918D-4EEB-41E2-BFAF-C28BFA1619DC}.Debug|x86.ActiveCfg = Debug|x86
		{EF07918D-4EEB-41E2-BFAF-C28BFA1619DC}.Debug|x86.Build.0 = Debug|x86
		{EF07918D-4EEB-41E2-BFAF-C28BFA1619DC}.Release|Any CPU.ActiveCfg = Release|x86
		{EF07918D-4EEB-41E2-BFAF-C28BFA1619DC}.Release|Mixed Platforms.ActiveCfg = Release|x86
		{EF07918D-4EEB-41E2-BFAF-C28BFA1619DC}.Release|Mixed Platforms.Build.0 = Release|x86
		{EF07918D-4EEB-41E2-BFAF-C28BFA1619DC}.Release|x86.ActiveCfg = Release|x86
		{EF07918D-4EEB-41E2-BFAF-C28BFA1619DC}.Release|x86.Build.0 = Release|x86
	EndGlobalSection
	GlobalSection(SolutionProperties) = preSolution
		HideSolutionNode = FALSE
	EndGlobalSection
EndGlobal
